
Microsoft Visual Studio Solution File, Format Version 12.00
# Visual Studio Version 16
VisualStudioVersion = 16.0.34031.81
MinimumVisualStudioVersion = 10.0.40219.1
Project("{C9674DCB-5085-4A16-B785-4C70DD1589BD}") = "ta", "ta.dtproj", "{62809790-712D-4E9B-BBAD-6A34CD3D9255}"
EndProject
Global
	GlobalSection(SolutionConfigurationPlatforms) = preSolution
		Development|Default = Development|Default
	EndGlobalSection
	GlobalSection(ProjectConfigurationPlatforms) = postSolution
		{62809790-712D-4E9B-BBAD-6A34CD3D9255}.Development|Default.ActiveCfg = Development
		{62809790-712D-4E9B-BBAD-6A34CD3D9255}.Development|Default.Build.0 = Development
	EndGlobalSection
	GlobalSection(SolutionProperties) = preSolution
		HideSolutionNode = FALSE
	EndGlobalSection
	GlobalSection(ExtensibilityGlobals) = postSolution
		SolutionGuid = {F7099975-F6DF-4D81-BFFD-F25BC09D27E6}
	EndGlobalSection
EndGlobal
